
Microsoft Visual Studio Solution File, Format Version 12.00
# Visual Studio Version 17
VisualStudioVersion = 17.6.33815.320
MinimumVisualStudioVersion = 10.0.40219.1
Project("{9A19103F-16F7-4668-BE54-9A1E7A4F7556}") = "PruebaTecnica", "PruebaTecnica.csproj", "{4D0A4411-1FEC-4C2C-8AFF-267980CEDFF2}"
EndProject
Global
	GlobalSection(SolutionConfigurationPlatforms) = preSolution
		Debug|Any CPU = Debug|Any CPU
		Release|Any CPU = Release|Any CPU
	EndGlobalSection
	GlobalSection(ProjectConfigurationPlatforms) = postSolution
		{4D0A4411-1FEC-4C2C-8AFF-267980CEDFF2}.Debug|Any CPU.ActiveCfg = Debug|Any CPU
		{4D0A4411-1FEC-4C2C-8AFF-267980CEDFF2}.Debug|Any CPU.Build.0 = Debug|Any CPU
		{4D0A4411-1FEC-4C2C-8AFF-267980CEDFF2}.Release|Any CPU.ActiveCfg = Release|Any CPU
		{4D0A4411-1FEC-4C2C-8AFF-267980CEDFF2}.Release|Any CPU.Build.0 = Release|Any CPU
	EndGlobalSection
	GlobalSection(SolutionProperties) = preSolution
		HideSolutionNode = FALSE
	EndGlobalSection
	GlobalSection(ExtensibilityGlobals) = postSolution
		SolutionGuid = {51AE0F75-E360-459F-8399-0CA1C9ABF416}
	EndGlobalSection
EndGlobal
